
Microsoft Visual Studio Solution File, Format Version 12.00
# Visual Studio Version 17
VisualStudioVersion = 17.4.33122.133
MinimumVisualStudioVersion = 10.0.40219.1
Project("{FAE04EC0-301F-11D3-BF4B-00C04F79EFBC}") = "RefitExample", "RefitExample\RefitExample.csproj", "{8D967E12-B69B-4D4F-8F6A-2AE89EAF1043}"
EndProject
Global
	GlobalSection(SolutionConfigurationPlatforms) = preSolution
		Debug|Any CPU = Debug|Any CPU
		Release|Any CPU = Release|Any CPU
	EndGlobalSection
	GlobalSection(ProjectConfigurationPlatforms) = postSolution
		{8D967E12-B69B-4D4F-8F6A-2AE89EAF1043}.Debug|Any CPU.ActiveCfg = Debug|Any CPU
		{8D967E12-B69B-4D4F-8F6A-2AE89EAF1043}.Debug|Any CPU.Build.0 = Debug|Any CPU
		{8D967E12-B69B-4D4F-8F6A-2AE89EAF1043}.Release|Any CPU.ActiveCfg = Release|Any CPU
		{8D967E12-B69B-4D4F-8F6A-2AE89EAF1043}.Release|Any CPU.Build.0 = Release|Any CPU
	EndGlobalSection
	GlobalSection(SolutionProperties) = preSolution
		HideSolutionNode = FALSE
	EndGlobalSection
	GlobalSection(ExtensibilityGlobals) = postSolution
		SolutionGuid = {75BE0CF8-BEAD-4C14-ABFC-1A1B32C661D3}
	EndGlobalSection
EndGlobal
